
Microsoft Visual Studio Solution File, Format Version 12.00
# Visual Studio Version 16
VisualStudioVersion = 16.0.29519.181
MinimumVisualStudioVersion = 10.0.40219.1
Project("{FAE04EC0-301F-11D3-BF4B-00C04F79EFBC}") = "MyWeather", "MyWeather\MyWeather.csproj", "{BBFE6E0F-26B0-4443-8635-16F9F2D01150}"
EndProject
Global
	GlobalSection(SolutionConfigurationPlatforms) = preSolution
		Debug|Any CPU = Debug|Any CPU
		Release|Any CPU = Release|Any CPU
	EndGlobalSection
	GlobalSection(ProjectConfigurationPlatforms) = postSolution
		{BBFE6E0F-26B0-4443-8635-16F9F2D01150}.Debug|Any CPU.ActiveCfg = Debug|Any CPU
		{BBFE6E0F-26B0-4443-8635-16F9F2D01150}.Debug|Any CPU.Build.0 = Debug|Any CPU
		{BBFE6E0F-26B0-4443-8635-16F9F2D01150}.Debug|Any CPU.Deploy.0 = Debug|Any CPU
		{BBFE6E0F-26B0-4443-8635-16F9F2D01150}.Release|Any CPU.ActiveCfg = Release|Any CPU
		{BBFE6E0F-26B0-4443-8635-16F9F2D01150}.Release|Any CPU.Build.0 = Release|Any CPU
		{BBFE6E0F-26B0-4443-8635-16F9F2D01150}.Release|Any CPU.Deploy.0 = Release|Any CPU
	EndGlobalSection
	GlobalSection(SolutionProperties) = preSolution
		HideSolutionNode = FALSE
	EndGlobalSection
	GlobalSection(ExtensibilityGlobals) = postSolution
		SolutionGuid = {B95C685E-8382-4044-91DA-9AC8C59AF2EE}
	EndGlobalSection
EndGlobal
