
Microsoft Visual Studio Solution File, Format Version 12.00
# Visual Studio Version 16
VisualStudioVersion = 16.0.29609.76
MinimumVisualStudioVersion = 10.0.40219.1
Project("{FAE04EC0-301F-11D3-BF4B-00C04F79EFBC}") = "OurWeather.UWP", "OurWeather.UWP\OurWeather.UWP.csproj", "{CA845AC2-CA0C-4F97-A6D5-6AE04595DD7E}"
EndProject
Project("{FAE04EC0-301F-11D3-BF4B-00C04F79EFBC}") = "OurWeather.Android", "OurWeather.Android\OurWeather.Android.csproj", "{67755B87-26BA-4A3F-BEFA-8BE05017BE71}"
EndProject
Project("{FAE04EC0-301F-11D3-BF4B-00C04F79EFBC}") = "OurWeather.iOS", "OurWeather.iOS\OurWeather.iOS.csproj", "{CBAE4518-AB38-4444-B592-0E945464C8C0}"
EndProject
Project("{FAE04EC0-301F-11D3-BF4B-00C04F79EFBC}") = "OurWeather", "OurWeather\OurWeather.csproj", "{181A75EC-4514-488F-AFE1-6A6EC3DC539F}"
EndProject
Global
	GlobalSection(SolutionConfigurationPlatforms) = preSolution
		Debug|Any CPU = Debug|Any CPU
		Debug|ARM = Debug|ARM
		Debug|iPhone = Debug|iPhone
		Debug|iPhoneSimulator = Debug|iPhoneSimulator
		Debug|x64 = Debug|x64
		Debug|x86 = Debug|x86
		Release|Any CPU = Release|Any CPU
		Release|ARM = Release|ARM
		Release|iPhone = Release|iPhone
		Release|iPhoneSimulator = Release|iPhoneSimulator
		Release|x64 = Release|x64
		Release|x86 = Release|x86
	EndGlobalSection
	GlobalSection(ProjectConfigurationPlatforms) = postSolution
		{CA845AC2-CA0C-4F97-A6D5-6AE04595DD7E}.Debug|Any CPU.ActiveCfg = Debug|x86
		{CA845AC2-CA0C-4F97-A6D5-6AE04595DD7E}.Debug|Any CPU.Build.0 = Debug|x86
		{CA845AC2-CA0C-4F97-A6D5-6AE04595DD7E}.Debug|Any CPU.Deploy.0 = Debug|x86
		{CA845AC2-CA0C-4F97-A6D5-6AE04595DD7E}.Debug|ARM.ActiveCfg = Debug|ARM
		{CA845AC2-CA0C-4F97-A6D5-6AE04595DD7E}.Debug|ARM.Build.0 = Debug|ARM
		{CA845AC2-CA0C-4F97-A6D5-6AE04595DD7E}.Debug|ARM.Deploy.0 = Debug|ARM
		{CA845AC2-CA0C-4F97-A6D5-6AE04595DD7E}.Debug|iPhone.ActiveCfg = Debug|x86
		{CA845AC2-CA0C-4F97-A6D5-6AE04595DD7E}.Debug|iPhone.Build.0 = Debug|x86
		{CA845AC2-CA0C-4F97-A6D5-6AE04595DD7E}.Debug|iPhone.Deploy.0 = Debug|x86
		{CA845AC2-CA0C-4F97-A6D5-6AE04595DD7E}.Debug|iPhoneSimulator.ActiveCfg = Debug|x86
		{CA845AC2-CA0C-4F97-A6D5-6AE04595DD7E}.Debug|iPhoneSimulator.Build.0 = Debug|x86
		{CA845AC2-CA0C-4F97-A6D5-6AE04595DD7E}.Debug|iPhoneSimulator.Deploy.0 = Debug|x86
		{CA845AC2-CA0C-4F97-A6D5-6AE04595DD7E}.Debug|x64.ActiveCfg = Debug|x64
		{CA845AC2-CA0C-4F97-A6D5-6AE04595DD7E}.Debug|x64.Build.0 = Debug|x64
		{CA845AC2-CA0C-4F97-A6D5-6AE04595DD7E}.Debug|x64.Deploy.0 = Debug|x64
		{CA845AC2-CA0C-4F97-A6D5-6AE04595DD7E}.Debug|x86.ActiveCfg = Debug|x86
		{CA845AC2-CA0C-4F97-A6D5-6AE04595DD7E}.Debug|x86.Build.0 = Debug|x86
		{CA845AC2-CA0C-4F97-A6D5-6AE04595DD7E}.Debug|x86.Deploy.0 = Debug|x86
		{CA845AC2-CA0C-4F97-A6D5-6AE04595DD7E}.Release|Any CPU.ActiveCfg = Release|x86
		{CA845AC2-CA0C-4F97-A6D5-6AE04595DD7E}.Release|Any CPU.Build.0 = Release|x86
		{CA845AC2-CA0C-4F97-A6D5-6AE04595DD7E}.Release|Any CPU.Deploy.0 = Release|x86
		{CA845AC2-CA0C-4F97-A6D5-6AE04595DD7E}.Release|ARM.ActiveCfg = Release|ARM
		{CA845AC2-CA0C-4F97-A6D5-6AE04595DD7E}.Release|ARM.Build.0 = Release|ARM
		{CA845AC2-CA0C-4F97-A6D5-6AE04595DD7E}.Release|ARM.Deploy.0 = Release|ARM
		{CA845AC2-CA0C-4F97-A6D5-6AE04595DD7E}.Release|iPhone.ActiveCfg = Release|x86
		{CA845AC2-CA0C-4F97-A6D5-6AE04595DD7E}.Release|iPhone.Build.0 = Release|x86
		{CA845AC2-CA0C-4F97-A6D5-6AE04595DD7E}.Release|iPhone.Deploy.0 = Release|x86
		{CA845AC2-CA0C-4F97-A6D5-6AE04595DD7E}.Release|iPhoneSimulator.ActiveCfg = Release|x86
		{CA845AC2-CA0C-4F97-A6D5-6AE04595DD7E}.Release|iPhoneSimulator.Build.0 = Release|x86
		{CA845AC2-CA0C-4F97-A6D5-6AE04595DD7E}.Release|iPhoneSimulator.Deploy.0 = Release|x86
		{CA845AC2-CA0C-4F97-A6D5-6AE04595DD7E}.Release|x64.ActiveCfg = Release|x64
		{CA845AC2-CA0C-4F97-A6D5-6AE04595DD7E}.Release|x64.Build.0 = Release|x64
		{CA845AC2-CA0C-4F97-A6D5-6AE04595DD7E}.Release|x64.Deploy.0 = Release|x64
		{CA845AC2-CA0C-4F97-A6D5-6AE04595DD7E}.Release|x86.ActiveCfg = Release|x86
		{CA845AC2-CA0C-4F97-A6D5-6AE04595DD7E}.Release|x86.Build.0 = Release|x86
		{CA845AC2-CA0C-4F97-A6D5-6AE04595DD7E}.Release|x86.Deploy.0 = Release|x86
		{67755B87-26BA-4A3F-BEFA-8BE05017BE71}.Debug|Any CPU.ActiveCfg = Debug|Any CPU
		{67755B87-26BA-4A3F-BEFA-8BE05017BE71}.Debug|Any CPU.Build.0 = Debug|Any CPU
		{67755B87-26BA-4A3F-BEFA-8BE05017BE71}.Debug|Any CPU.Deploy.0 = Debug|Any CPU
		{67755B87-26BA-4A3F-BEFA-8BE05017BE71}.Debug|ARM.ActiveCfg = Debug|Any CPU
		{67755B87-26BA-4A3F-BEFA-8BE05017BE71}.Debug|ARM.Build.0 = Debug|Any CPU
		{67755B87-26BA-4A3F-BEFA-8BE05017BE71}.Debug|ARM.Deploy.0 = Debug|Any CPU
		{67755B87-26BA-4A3F-BEFA-8BE05017BE71}.Debug|iPhone.ActiveCfg = Debug|Any CPU
		{67755B87-26BA-4A3F-BEFA-8BE05017BE71}.Debug|iPhone.Build.0 = Debug|Any CPU
		{67755B87-26BA-4A3F-BEFA-8BE05017BE71}.Debug|iPhone.Deploy.0 = Debug|Any CPU
		{67755B87-26BA-4A3F-BEFA-8BE05017BE71}.Debug|iPhoneSimulator.ActiveCfg = Debug|Any CPU
		{67755B87-26BA-4A3F-BEFA-8BE05017BE71}.Debug|iPhoneSimulator.Build.0 = Debug|Any CPU
		{67755B87-26BA-4A3F-BEFA-8BE05017BE71}.Debug|iPhoneSimulator.Deploy.0 = Debug|Any CPU
		{67755B87-26BA-4A3F-BEFA-8BE05017BE71}.Debug|x64.ActiveCfg = Debug|Any CPU
		{67755B87-26BA-4A3F-BEFA-8BE05017BE71}.Debug|x64.Build.0 = Debug|Any CPU
		{67755B87-26BA-4A3F-BEFA-8BE05017BE71}.Debug|x64.Deploy.0 = Debug|Any CPU
		{67755B87-26BA-4A3F-BEFA-8BE05017BE71}.Debug|x86.ActiveCfg = Debug|Any CPU
		{67755B87-26BA-4A3F-BEFA-8BE05017BE71}.Debug|x86.Build.0 = Debug|Any CPU
		{67755B87-26BA-4A3F-BEFA-8BE05017BE71}.Debug|x86.Deploy.0 = Debug|Any CPU
		{67755B87-26BA-4A3F-BEFA-8BE05017BE71}.Release|Any CPU.ActiveCfg = Release|Any CPU
		{67755B87-26BA-4A3F-BEFA-8BE05017BE71}.Release|Any CPU.Build.0 = Release|Any CPU
		{67755B87-26BA-4A3F-BEFA-8BE05017BE71}.Release|Any CPU.Deploy.0 = Release|Any CPU
		{67755B87-26BA-4A3F-BEFA-8BE05017BE71}.Release|ARM.ActiveCfg = Release|Any CPU
		{67755B87-26BA-4A3F-BEFA-8BE05017BE71}.Release|ARM.Build.0 = Release|Any CPU
		{67755B87-26BA-4A3F-BEFA-8BE05017BE71}.Release|ARM.Deploy.0 = Release|Any CPU
		{67755B87-26BA-4A3F-BEFA-8BE05017BE71}.Release|iPhone.ActiveCfg = Release|Any CPU
		{67755B87-26BA-4A3F-BEFA-8BE05017BE71}.Release|iPhone.Build.0 = Release|Any CPU
		{67755B87-26BA-4A3F-BEFA-8BE05017BE71}.Release|iPhone.Deploy.0 = Release|Any CPU
		{67755B87-26BA-4A3F-BEFA-8BE05017BE71}.Release|iPhoneSimulator.ActiveCfg = Release|Any CPU
		{67755B87-26BA-4A3F-BEFA-8BE05017BE71}.Release|iPhoneSimulator.Build.0 = Release|Any CPU
		{67755B87-26BA-4A3F-BEFA-8BE05017BE71}.Release|iPhoneSimulator.Deploy.0 = Release|Any CPU
		{67755B87-26BA-4A3F-BEFA-8BE05017BE71}.Release|x64.ActiveCfg = Release|Any CPU
		{67755B87-26BA-4A3F-BEFA-8BE05017BE71}.Release|x64.Build.0 = Release|Any CPU
		{67755B87-26BA-4A3F-BEFA-8BE05017BE71}.Release|x64.Deploy.0 = Release|Any CPU
		{67755B87-26BA-4A3F-BEFA-8BE05017BE71}.Release|x86.ActiveCfg = Release|Any CPU
		{67755B87-26BA-4A3F-BEFA-8BE05017BE71}.Release|x86.Build.0 = Release|Any CPU
		{67755B87-26BA-4A3F-BEFA-8BE05017BE71}.Release|x86.Deploy.0 = Release|Any CPU
		{CBAE4518-AB38-4444-B592-0E945464C8C0}.Debug|Any CPU.ActiveCfg = Debug|iPhone
		{CBAE4518-AB38-4444-B592-0E945464C8C0}.Debug|Any CPU.Build.0 = Debug|iPhone
		{CBAE4518-AB38-4444-B592-0E945464C8C0}.Debug|Any CPU.Deploy.0 = Debug|iPhone
		{CBAE4518-AB38-4444-B592-0E945464C8C0}.Debug|ARM.ActiveCfg = Debug|iPhoneSimulator
		{CBAE4518-AB38-4444-B592-0E945464C8C0}.Debug|ARM.Build.0 = Debug|iPhoneSimulator
		{CBAE4518-AB38-4444-B592-0E945464C8C0}.Debug|ARM.Deploy.0 = Debug|iPhoneSimulator
		{CBAE4518-AB38-4444-B592-0E945464C8C0}.Debug|iPhone.ActiveCfg = Debug|iPhone
		{CBAE4518-AB38-4444-B592-0E945464C8C0}.Debug|iPhone.Build.0 = Debug|iPhone
		{CBAE4518-AB38-4444-B592-0E945464C8C0}.Debug|iPhone.Deploy.0 = Debug|iPhone
		{CBAE4518-AB38-4444-B592-0E945464C8C0}.Debug|iPhoneSimulator.ActiveCfg = Debug|iPhoneSimulator
		{CBAE4518-AB38-4444-B592-0E945464C8C0}.Debug|iPhoneSimulator.Build.0 = Debug|iPhoneSimulator
		{CBAE4518-AB38-4444-B592-0E945464C8C0}.Debug|iPhoneSimulator.Deploy.0 = Debug|iPhoneSimulator
		{CBAE4518-AB38-4444-B592-0E945464C8C0}.Debug|x64.ActiveCfg = Debug|iPhone
		{CBAE4518-AB38-4444-B592-0E945464C8C0}.Debug|x64.Build.0 = Debug|iPhone
		{CBAE4518-AB38-4444-B592-0E945464C8C0}.Debug|x64.Deploy.0 = Debug|iPhone
		{CBAE4518-AB38-4444-B592-0E945464C8C0}.Debug|x86.ActiveCfg = Debug|iPhone
		{CBAE4518-AB38-4444-B592-0E945464C8C0}.Debug|x86.Build.0 = Debug|iPhone
		{CBAE4518-AB38-4444-B592-0E945464C8C0}.Debug|x86.Deploy.0 = Debug|iPhone
		{CBAE4518-AB38-4444-B592-0E945464C8C0}.Release|Any CPU.ActiveCfg = Release|iPhone
		{CBAE4518-AB38-4444-B592-0E945464C8C0}.Release|Any CPU.Build.0 = Release|iPhone
		{CBAE4518-AB38-4444-B592-0E945464C8C0}.Release|Any CPU.Deploy.0 = Release|iPhone
		{CBAE4518-AB38-4444-B592-0E945464C8C0}.Release|ARM.ActiveCfg = Release|iPhone
		{CBAE4518-AB38-4444-B592-0E945464C8C0}.Release|ARM.Build.0 = Release|iPhone
		{CBAE4518-AB38-4444-B592-0E945464C8C0}.Release|ARM.Deploy.0 = Release|iPhone
		{CBAE4518-AB38-4444-B592-0E945464C8C0}.Release|iPhone.ActiveCfg = Release|iPhone
		{CBAE4518-AB38-4444-B592-0E945464C8C0}.Release|iPhone.Build.0 = Release|iPhone
		{CBAE4518-AB38-4444-B592-0E945464C8C0}.Release|iPhone.Deploy.0 = Release|iPhone
		{CBAE4518-AB38-4444-B592-0E945464C8C0}.Release|iPhoneSimulator.ActiveCfg = Release|iPhoneSimulator
		{CBAE4518-AB38-4444-B592-0E945464C8C0}.Release|iPhoneSimulator.Build.0 = Release|iPhoneSimulator
		{CBAE4518-AB38-4444-B592-0E945464C8C0}.Release|iPhoneSimulator.Deploy.0 = Release|iPhoneSimulator
		{CBAE4518-AB38-4444-B592-0E945464C8C0}.Release|x64.ActiveCfg = Release|iPhone
		{CBAE4518-AB38-4444-B592-0E945464C8C0}.Release|x64.Build.0 = Release|iPhone
		{CBAE4518-AB38-4444-B592-0E945464C8C0}.Release|x64.Deploy.0 = Release|iPhone
		{CBAE4518-AB38-4444-B592-0E945464C8C0}.Release|x86.ActiveCfg = Release|iPhone
		{CBAE4518-AB38-4444-B592-0E945464C8C0}.Release|x86.Build.0 = Release|iPhone
		{CBAE4518-AB38-4444-B592-0E945464C8C0}.Release|x86.Deploy.0 = Release|iPhone
		{181A75EC-4514-488F-AFE1-6A6EC3DC539F}.Debug|Any CPU.ActiveCfg = Debug|Any CPU
		{181A75EC-4514-488F-AFE1-6A6EC3DC539F}.Debug|Any CPU.Build.0 = Debug|Any CPU
		{181A75EC-4514-488F-AFE1-6A6EC3DC539F}.Debug|Any CPU.Deploy.0 = Debug|Any CPU
		{181A75EC-4514-488F-AFE1-6A6EC3DC539F}.Debug|ARM.ActiveCfg = Debug|Any CPU
		{181A75EC-4514-488F-AFE1-6A6EC3DC539F}.Debug|ARM.Build.0 = Debug|Any CPU
		{181A75EC-4514-488F-AFE1-6A6EC3DC539F}.Debug|ARM.Deploy.0 = Debug|Any CPU
		{181A75EC-4514-488F-AFE1-6A6EC3DC539F}.Debug|iPhone.ActiveCfg = Debug|Any CPU
		{181A75EC-4514-488F-AFE1-6A6EC3DC539F}.Debug|iPhone.Build.0 = Debug|Any CPU
		{181A75EC-4514-488F-AFE1-6A6EC3DC539F}.Debug|iPhone.Deploy.0 = Debug|Any CPU
		{181A75EC-4514-488F-AFE1-6A6EC3DC539F}.Debug|iPhoneSimulator.ActiveCfg = Debug|Any CPU
		{181A75EC-4514-488F-AFE1-6A6EC3DC539F}.Debug|iPhoneSimulator.Build.0 = Debug|Any CPU
		{181A75EC-4514-488F-AFE1-6A6EC3DC539F}.Debug|iPhoneSimulator.Deploy.0 = Debug|Any CPU
		{181A75EC-4514-488F-AFE1-6A6EC3DC539F}.Debug|x64.ActiveCfg = Debug|Any CPU
		{181A75EC-4514-488F-AFE1-6A6EC3DC539F}.Debug|x64.Build.0 = Debug|Any CPU
		{181A75EC-4514-488F-AFE1-6A6EC3DC539F}.Debug|x64.Deploy.0 = Debug|Any CPU
		{181A75EC-4514-488F-AFE1-6A6EC3DC539F}.Debug|x86.ActiveCfg = Debug|Any CPU
		{181A75EC-4514-488F-AFE1-6A6EC3DC539F}.Debug|x86.Build.0 = Debug|Any CPU
		{181A75EC-4514-488F-AFE1-6A6EC3DC539F}.Debug|x86.Deploy.0 = Debug|Any CPU
		{181A75EC-4514-488F-AFE1-6A6EC3DC539F}.Release|Any CPU.ActiveCfg = Release|Any CPU
		{181A75EC-4514-488F-AFE1-6A6EC3DC539F}.Release|Any CPU.Build.0 = Release|Any CPU
		{181A75EC-4514-488F-AFE1-6A6EC3DC539F}.Release|Any CPU.Deploy.0 = Release|Any CPU
		{181A75EC-4514-488F-AFE1-6A6EC3DC539F}.Release|ARM.ActiveCfg = Release|Any CPU
		{181A75EC-4514-488F-AFE1-6A6EC3DC539F}.Release|ARM.Build.0 = Release|Any CPU
		{181A75EC-4514-488F-AFE1-6A6EC3DC539F}.Release|ARM.Deploy.0 = Release|Any CPU
		{181A75EC-4514-488F-AFE1-6A6EC3DC539F}.Release|iPhone.ActiveCfg = Release|Any CPU
		{181A75EC-4514-488F-AFE1-6A6EC3DC539F}.Release|iPhone.Build.0 = Release|Any CPU
		{181A75EC-4514-488F-AFE1-6A6EC3DC539F}.Release|iPhone.Deploy.0 = Release|Any CPU
		{181A75EC-4514-488F-AFE1-6A6EC3DC539F}.Release|iPhoneSimulator.ActiveCfg = Release|Any CPU
		{181A75EC-4514-488F-AFE1-6A6EC3DC539F}.Release|iPhoneSimulator.Build.0 = Release|Any CPU
		{181A75EC-4514-488F-AFE1-6A6EC3DC539F}.Release|iPhoneSimulator.Deploy.0 = Release|Any CPU
		{181A75EC-4514-488F-AFE1-6A6EC3DC539F}.Release|x64.ActiveCfg = Release|Any CPU
		{181A75EC-4514-488F-AFE1-6A6EC3DC539F}.Release|x64.Build.0 = Release|Any CPU
		{181A75EC-4514-488F-AFE1-6A6EC3DC539F}.Release|x64.Deploy.0 = Release|Any CPU
		{181A75EC-4514-488F-AFE1-6A6EC3DC539F}.Release|x86.ActiveCfg = Release|Any CPU
		{181A75EC-4514-488F-AFE1-6A6EC3DC539F}.Release|x86.Build.0 = Release|Any CPU
		{181A75EC-4514-488F-AFE1-6A6EC3DC539F}.Release|x86.Deploy.0 = Release|Any CPU
	EndGlobalSection
	GlobalSection(SolutionProperties) = preSolution
		HideSolutionNode = FALSE
	EndGlobalSection
	GlobalSection(ExtensibilityGlobals) = postSolution
		SolutionGuid = {774801A9-6BEC-4C1D-B337-C50667BBE6EE}
	EndGlobalSection
EndGlobal
